// !$*UTF8*$!
{
	archiveVersion = 1;
	classes = {
	};
	objectVersion = 46;
	objects = {

/* Begin PBXBuildFile section */
		18D840611C6E32C800AB9236 /* AppDelegate.swift in Sources */ = {isa = PBXBuildFile; fileRef = 18D840601C6E32C800AB9236 /* AppDelegate.swift */; };
		18D840631C6E32C800AB9236 /* ViewController.swift in Sources */ = {isa = PBXBuildFile; fileRef = 18D840621C6E32C800AB9236 /* ViewController.swift */; };
		18D840661C6E32C800AB9236 /* Main.storyboard in Resources */ = {isa = PBXBuildFile; fileRef = 18D840641C6E32C800AB9236 /* Main.storyboard */; };
		18D8406B1C6E32C800AB9236 /* LaunchScreen.storyboard in Resources */ = {isa = PBXBuildFile; fileRef = 18D840691C6E32C800AB9236 /* LaunchScreen.storyboard */; };
		18D840731C6E331100AB9236 /* DiagonalTransitionAnimator.swift in Sources */ = {isa = PBXBuildFile; fileRef = 18D840721C6E331100AB9236 /* DiagonalTransitionAnimator.swift */; };
		18D840751C6E5C1100AB9236 /* DiagonalTransitionInteractor.swift in Sources */ = {isa = PBXBuildFile; fileRef = 18D840741C6E5C1100AB9236 /* DiagonalTransitionInteractor.swift */; };
/* End PBXBuildFile section */

/* Begin PBXFileReference section */
		18D8405D1C6E32C800AB9236 /* Diagonal Transition Demo.app */ = {isa = PBXFileReference; explicitFileType = wrapper.application; includeInIndex = 0; path = "Diagonal Transition Demo.app"; sourceTree = BUILT_PRODUCTS_DIR; };
		18D840601C6E32C800AB9236 /* AppDelegate.swift */ = {isa = PBXFileReference; lastKnownFileType = sourcecode.swift; path = AppDelegate.swift; sourceTree = "<group>"; };
		18D840621C6E32C800AB9236 /* ViewController.swift */ = {isa = PBXFileReference; lastKnownFileType = sourcecode.swift; path = ViewController.swift; sourceTree = "<group>"; };
		18D840651C6E32C800AB9236 /* Base */ = {isa = PBXFileReference; lastKnownFileType = file.storyboard; name = Base; path = Base.lproj/Main.storyboard; sourceTree = "<group>"; };
		18D8406A1C6E32C800AB9236 /* Base */ = {isa = PBXFileReference; lastKnownFileType = file.storyboard; name = Base; path = Base.lproj/LaunchScreen.storyboard; sourceTree = "<group>"; };
		18D8406C1C6E32C800AB9236 /* Info.plist */ = {isa = PBXFileReference; lastKnownFileType = text.plist.xml; path = Info.plist; sourceTree = "<group>"; };
		18D840721C6E331100AB9236 /* DiagonalTransitionAnimator.swift */ = {isa = PBXFileReference; fileEncoding = 4; lastKnownFileType = sourcecode.swift; path = DiagonalTransitionAnimator.swift; sourceTree = "<group>"; };
		18D840741C6E5C1100AB9236 /* DiagonalTransitionInteractor.swift */ = {isa = PBXFileReference; fileEncoding = 4; lastKnownFileType = sourcecode.swift; path = DiagonalTransitionInteractor.swift; sourceTree = "<group>"; };
/* End PBXFileReference section */

/* Begin PBXFrameworksBuildPhase section */
		18D8405A1C6E32C800AB9236 /* Frameworks */ = {
			isa = PBXFrameworksBuildPhase;
			buildActionMask = 2147483647;
			files = (
			);
			runOnlyForDeploymentPostprocessing = 0;
		};
/* End PBXFrameworksBuildPhase section */

/* Begin PBXGroup section */
		18D840541C6E32C800AB9236 = {
			isa = PBXGroup;
			children = (
				18D8405F1C6E32C800AB9236 /* Diagonal Transition Demo */,
				18D8405E1C6E32C800AB9236 /* Products */,
			);
			sourceTree = "<group>";
		};
		18D8405E1C6E32C800AB9236 /* Products */ = {
			isa = PBXGroup;
			children = (
				18D8405D1C6E32C800AB9236 /* Diagonal Transition Demo.app */,
			);
			name = Products;
			sourceTree = "<group>";
		};
		18D8405F1C6E32C800AB9236 /* Diagonal Transition Demo */ = {
			isa = PBXGroup;
			children = (
				18D840601C6E32C800AB9236 /* AppDelegate.swift */,
				18D840621C6E32C800AB9236 /* ViewController.swift */,
				18D840721C6E331100AB9236 /* DiagonalTransitionAnimator.swift */,
				18D840741C6E5C1100AB9236 /* DiagonalTransitionInteractor.swift */,
				18D840641C6E32C800AB9236 /* Main.storyboard */,
				18D840691C6E32C800AB9236 /* LaunchScreen.storyboard */,
				18D8406C1C6E32C800AB9236 /* Info.plist */,
			);
			path = "Diagonal Transition Demo";
			sourceTree = "<group>";
		};
/* End PBXGroup section */

/* Begin PBXNativeTarget section */
		18D8405C1C6E32C800AB9236 /* Diagonal Transition Demo */ = {
			isa = PBXNativeTarget;
			buildConfigurationList = 18D8406F1C6E32C800AB9236 /* Build configuration list for PBXNativeTarget "Diagonal Transition Demo" */;
			buildPhases = (
				18D840591C6E32C800AB9236 /* Sources */,
				18D8405A1C6E32C800AB9236 /* Frameworks */,
				18D8405B1C6E32C800AB9236 /* Resources */,
			);
			buildRules = (
			);
			dependencies = (
			);
			name = "Diagonal Transition Demo";
			productName = "Diagonal Transition Demo";
			productReference = 18D8405D1C6E32C800AB9236 /* Diagonal Transition Demo.app */;
			productType = "com.apple.product-type.application";
		};
/* End PBXNativeTarget section */

/* Begin PBXProject section */
		18D840551C6E32C800AB9236 /* Project object */ = {
			isa = PBXProject;
			attributes = {
				LastSwiftUpdateCheck = 0720;
				LastUpgradeCheck = 0720;
				ORGANIZATIONNAME = "从今以后";
				TargetAttributes = {
					18D8405C1C6E32C800AB9236 = {
						CreatedOnToolsVersion = 7.2;
						DevelopmentTeam = 39XM8MX49W;
					};
				};
			};
			buildConfigurationList = 18D840581C6E32C800AB9236 /* Build configuration list for PBXProject "Diagonal Transition Demo" */;
			compatibilityVersion = "Xcode 3.2";
			developmentRegion = English;
			hasScannedForEncodings = 0;
			knownRegions = (
				en,
				Base,
			);
			mainGroup = 18D840541C6E32C800AB9236;
			productRefGroup = 18D8405E1C6E32C800AB9236 /* Products */;
			projectDirPath = "";
			projectRoot = "";
			targets = (
				18D8405C1C6E32C800AB9236 /* Diagonal Transition Demo */,
			);
		};
/* End PBXProject section */

/* Begin PBXResourcesBuildPhase section */
		18D8405B1C6E32C800AB9236 /* Resources */ = {
			isa = PBXResourcesBuildPhase;
			buildActionMask = 2147483647;
			files = (
				18D8406B1C6E32C800AB9236 /* LaunchScreen.storyboard in Resources */,
				18D840661C6E32C800AB9236 /* Main.storyboard in Resources */,
			);
			runOnlyForDeploymentPostprocessing = 0;
		};
/* End PBXResourcesBuildPhase section */

/* Begin PBXSourcesBuildPhase section */
		18D840591C6E32C800AB9236 /* Sources */ = {
			isa = PBXSourcesBuildPhase;
			buildActionMask = 2147483647;
			files = (
				18D840631C6E32C800AB9236 /* ViewController.swift in Sources */,
				18D840731C6E331100AB9236 /* DiagonalTransitionAnimator.swift in Sources */,
				18D840751C6E5C1100AB9236 /* DiagonalTransitionInteractor.swift in Sources */,
				18D840611C6E32C800AB9236 /* AppDelegate.swift in Sources */,
			);
			runOnlyForDeploymentPostprocessing = 0;
		};
/* End PBXSourcesBuildPhase section */

/* Begin PBXVariantGroup section */
		18D840641C6E32C800AB9236 /* Main.storyboard */ = {
			isa = PBXVariantGroup;
			children = (
				18D840651C6E32C800AB9236 /* Base */,
			);
			name = Main.storyboard;
			sourceTree = "<group>";
		};
		18D840691C6E32C800AB9236 /* LaunchScreen.storyboard */ = {
			isa = PBXVariantGroup;
			children = (
				18D8406A1C6E32C800AB9236 /* Base */,
			);
			name = LaunchScreen.storyboard;
			sourceTree = "<group>";
		};
/* End PBXVariantGroup section */

/* Begin XCBuildConfiguration section */
		18D8406D1C6E32C800AB9236 /* Debug */ = {
			isa = XCBuildConfiguration;
			buildSettings = {
				ALWAYS_SEARCH_USER_PATHS = NO;
				CLANG_CXX_LANGUAGE_STANDARD = "gnu++0x";
				CLANG_CXX_LIBRARY = "libc++";
				CLANG_ENABLE_MODULES = YES;
				CLANG_ENABLE_OBJC_ARC = YES;
				CLANG_WARN_BOOL_CONVERSION = YES;
				CLANG_WARN_CONSTANT_CONVERSION = YES;
				CLANG_WARN_DIRECT_OBJC_ISA_USAGE = YES_ERROR;
				CLANG_WARN_EMPTY_BODY = YES;
				CLANG_WARN_ENUM_CONVERSION = YES;
				CLANG_WARN_INT_CONVERSION = YES;
				CLANG_WARN_OBJC_ROOT_CLASS = YES_ERROR;
				CLANG_WARN_UNREACHABLE_CODE = YES;
				CLANG_WARN__DUPLICATE_METHOD_MATCH = YES;
				"CODE_SIGN_IDENTITY[sdk=iphoneos*]" = "iPhone Developer";
				COPY_PHASE_STRIP = NO;
				DEBUG_INFORMATION_FORMAT = dwarf;
				ENABLE_STRICT_OBJC_MSGSEND = YES;
				ENABLE_TESTABILITY = YES;
				GCC_C_LANGUAGE_STANDARD = gnu99;
				GCC_DYNAMIC_NO_PIC = NO;
				GCC_NO_COMMON_BLOCKS = YES;
				GCC_OPTIMIZATION_LEVEL = 0;
				GCC_PREPROCESSOR_DEFINITIONS = (
					"DEBUG=1",
					"$(inherited)",
				);
				GCC_WARN_64_TO_32_BIT_CONVERSION = YES;
				GCC_WARN_ABOUT_RETURN_TYPE = YES_ERROR;
				GCC_WARN_UNDECLARED_SELECTOR = YES;
				GCC_WARN_UNINITIALIZED_AUTOS = YES_AGGRESSIVE;
				GCC_WARN_UNUSED_FUNCTION = YES;
				GCC_WARN_UNUSED_VARIABLE = YES;
				IPHONEOS_DEPLOYMENT_TARGET = 9.2;
				MTL_ENABLE_DEBUG_INFO = YES;
				ONLY_ACTIVE_ARCH = YES;
				SDKROOT = iphoneos;
				SWIFT_OPTIMIZATION_LEVEL = "-Onone";
			};
			name = Debug;
		};
		18D8406E1C6E32C800AB9236 /* Release */ = {
			isa = XCBuildConfiguration;
			buildSettings = {
				ALWAYS_SEARCH_USER_PATHS = NO;
				CLANG_CXX_LANGUAGE_STANDARD = "gnu++0x";
				CLANG_CXX_LIBRARY = "libc++";
				CLANG_ENABLE_MODULES = YES;
				CLANG_ENABLE_OBJC_ARC = YES;
				CLANG_WARN_BOOL_CONVERSION = YES;
				CLANG_WARN_CONSTANT_CONVERSION = YES;
				CLANG_WARN_DIRECT_OBJC_ISA_USAGE = YES_ERROR;
				CLANG_WARN_EMPTY_BODY = YES;
				CLANG_WARN_ENUM_CONVERSION = YES;
				CLANG_WARN_INT_CONVERSION = YES;
				CLANG_WARN_OBJC_ROOT_CLASS = YES_ERROR;
				CLANG_WARN_UNREACHABLE_CODE = YES;
				CLANG_WARN__DUPLICATE_METHOD_MATCH = YES;
				"CODE_SIGN_IDENTITY[sdk=iphoneos*]" = "iPhone Developer";
				COPY_PHASE_STRIP = NO;
				DEBUG_INFORMATION_FORMAT = "dwarf-with-dsym";
				ENABLE_NS_ASSERTIONS = NO;
				ENABLE_STRICT_OBJC_MSGSEND = YES;
				GCC_C_LANGUAGE_STANDARD = gnu99;
				GCC_NO_COMMON_BLOCKS = YES;
				GCC_WARN_64_TO_32_BIT_CONVERSION = YES;
				GCC_WARN_ABOUT_RETURN_TYPE = YES_ERROR;
				GCC_WARN_UNDECLARED_SELECTOR = YES;
				GCC_WARN_UNINITIALIZED_AUTOS = YES_AGGRESSIVE;
				GCC_WARN_UNUSED_FUNCTION = YES;
				GCC_WARN_UNUSED_VARIABLE = YES;
				IPHONEOS_DEPLOYMENT_TARGET = 9.2;
				MTL_ENABLE_DEBUG_INFO = NO;
				SDKROOT = iphoneos;
				VALIDATE_PRODUCT = YES;
			};
			name = Release;
		};
		18D840701C6E32C800AB9236 /* Debug */ = {
			isa = XCBuildConfiguration;
			buildSettings = {
				INFOPLIST_FILE = "Diagonal Transition Demo/Info.plist";
				IPHONEOS_DEPLOYMENT_TARGET = 9.0;
				LD_RUNPATH_SEARCH_PATHS = "$(inherited) @executable_path/Frameworks";
				PRODUCT_BUNDLE_IDENTIFIER = "com.cjyh.Diagonal-Transition-Demo";
				PRODUCT_NAME = "$(TARGET_NAME)";
			};
			name = Debug;
		};
		18D840711C6E32C800AB9236 /* Release */ = {
			isa = XCBuildConfiguration;
			buildSettings = {
				INFOPLIST_FILE = "Diagonal Transition Demo/Info.plist";
				IPHONEOS_DEPLOYMENT_TARGET = 9.0;
				LD_RUNPATH_SEARCH_PATHS = "$(inherited) @executable_path/Frameworks";
				PRODUCT_BUNDLE_IDENTIFIER = "com.cjyh.Diagonal-Transition-Demo";
				PRODUCT_NAME = "$(TARGET_NAME)";
			};
			name = Release;
		};
/* End XCBuildConfiguration section */

/* Begin XCConfigurationList section */
		18D840581C6E32C800AB9236 /* Build configuration list for PBXProject "Diagonal Transition Demo" */ = {
			isa = XCConfigurationList;
			buildConfigurations = (
				18D8406D1C6E32C800AB9236 /* Debug */,
				18D8406E1C6E32C800AB9236 /* Release */,
			);
			defaultConfigurationIsVisible = 0;
			defaultConfigurationName = Release;
		};
		18D8406F1C6E32C800AB9236 /* Build configuration list for PBXNativeTarget "Diagonal Transition Demo" */ = {
			isa = XCConfigurationList;
			buildConfigurations = (
				18D840701C6E32C800AB9236 /* Debug */,
				18D840711C6E32C800AB9236 /* Release */,
			);
			defaultConfigurationIsVisible = 0;
		};
/* End XCConfigurationList section */
	};
	rootObject = 18D840551C6E32C800AB9236 /* Project object */;
}
